
Microsoft Visual Studio Solution File, Format Version 12.00
# Visual Studio Version 17
VisualStudioVersion = 17.1.32328.378
MinimumVisualStudioVersion = 10.0.40219.1
Project("{9A19103F-16F7-4668-BE54-9A1E7A4F7556}") = "MarsLogo", "MarsLogo.csproj", "{8B69A042-A146-4960-B77A-3D35BB282D6F}"
EndProject
Global
	GlobalSection(SolutionConfigurationPlatforms) = preSolution
		Debug|Any CPU = Debug|Any CPU
		Release|Any CPU = Release|Any CPU
	EndGlobalSection
	GlobalSection(ProjectConfigurationPlatforms) = postSolution
		{8B69A042-A146-4960-B77A-3D35BB282D6F}.Debug|Any CPU.ActiveCfg = Debug|Any CPU
		{8B69A042-A146-4960-B77A-3D35BB282D6F}.Debug|Any CPU.Build.0 = Debug|Any CPU
		{8B69A042-A146-4960-B77A-3D35BB282D6F}.Release|Any CPU.ActiveCfg = Release|Any CPU
		{8B69A042-A146-4960-B77A-3D35BB282D6F}.Release|Any CPU.Build.0 = Release|Any CPU
	EndGlobalSection
	GlobalSection(SolutionProperties) = preSolution
		HideSolutionNode = FALSE
	EndGlobalSection
	GlobalSection(ExtensibilityGlobals) = postSolution
		SolutionGuid = {582C5FC5-45DA-420B-BB26-F6606E03EF35}
	EndGlobalSection
EndGlobal
